
Microsoft Visual Studio Solution File, Format Version 12.00
# Visual Studio Version 16
VisualStudioVersion = 16.0.31321.278
MinimumVisualStudioVersion = 10.0.40219.1
Project("{8BC9CEB8-8B4A-11D0-8D11-00A0C91BC942}") = "Kefalaio-6o-testing", "Kefalaio-6o-testing\Kefalaio-6o-testing.vcxproj", "{099ED30C-C8AB-42DD-B01D-B873ED3515BE}"
EndProject
Global
	GlobalSection(SolutionConfigurationPlatforms) = preSolution
		Debug|x64 = Debug|x64
		Debug|x86 = Debug|x86
		Release|x64 = Release|x64
		Release|x86 = Release|x86
	EndGlobalSection
	GlobalSection(ProjectConfigurationPlatforms) = postSolution
		{099ED30C-C8AB-42DD-B01D-B873ED3515BE}.Debug|x64.ActiveCfg = Debug|x64
		{099ED30C-C8AB-42DD-B01D-B873ED3515BE}.Debug|x64.Build.0 = Debug|x64
		{099ED30C-C8AB-42DD-B01D-B873ED3515BE}.Debug|x86.ActiveCfg = Debug|Win32
		{099ED30C-C8AB-42DD-B01D-B873ED3515BE}.Debug|x86.Build.0 = Debug|Win32
		{099ED30C-C8AB-42DD-B01D-B873ED3515BE}.Release|x64.ActiveCfg = Release|x64
		{099ED30C-C8AB-42DD-B01D-B873ED3515BE}.Release|x64.Build.0 = Release|x64
		{099ED30C-C8AB-42DD-B01D-B873ED3515BE}.Release|x86.ActiveCfg = Release|Win32
		{099ED30C-C8AB-42DD-B01D-B873ED3515BE}.Release|x86.Build.0 = Release|Win32
	EndGlobalSection
	GlobalSection(SolutionProperties) = preSolution
		HideSolutionNode = FALSE
	EndGlobalSection
	GlobalSection(ExtensibilityGlobals) = postSolution
		SolutionGuid = {7BF2F1E7-C7C9-4D72-A9B4-BD1186F68191}
	EndGlobalSection
EndGlobal
